// !$*UTF8*$!
{
	archiveVersion = 1;
	classes = {
	};
	objectVersion = 77;
	objects = {

/* Begin PBXBuildFile section */
		A75AE8AA2D33B2130052BADA /* CalendarDay.swift in Sources */ = {isa = PBXBuildFile; fileRef = A75AE89A2D33B2130052BADA /* CalendarDay.swift */; };
		A75AE8AB2D33B2130052BADA /* EZCalendarItemViewModel.swift in Sources */ = {isa = PBXBuildFile; fileRef = A75AE8A22D33B2130052BADA /* EZCalendarItemViewModel.swift */; };
		A75AE8AC2D33B2130052BADA /* CalendarWeek.swift in Sources */ = {isa = PBXBuildFile; fileRef = A75AE89C2D33B2130052BADA /* CalendarWeek.swift */; };
		A75AE8AD2D33B2130052BADA /* Date+.swift in Sources */ = {isa = PBXBuildFile; fileRef = A75AE8982D33B2130052BADA /* Date+.swift */; };
		A75AE8AE2D33B2130052BADA /* EZCalendarItemView.swift in Sources */ = {isa = PBXBuildFile; fileRef = A75AE8A12D33B2130052BADA /* EZCalendarItemView.swift */; };
		A75AE8AF2D33B2130052BADA /* EZCalendarWeekdayHeaderView.swift in Sources */ = {isa = PBXBuildFile; fileRef = A75AE8A42D33B2130052BADA /* EZCalendarWeekdayHeaderView.swift */; };
		A75AE8B02D33B2130052BADA /* CalendarMonth.swift in Sources */ = {isa = PBXBuildFile; fileRef = A75AE89B2D33B2130052BADA /* CalendarMonth.swift */; };
		A75AE8B12D33B2130052BADA /* EZCalendarHorizontalPagingViewModel.swift in Sources */ = {isa = PBXBuildFile; fileRef = A75AE89F2D33B2130052BADA /* EZCalendarHorizontalPagingViewModel.swift */; };
		A75AE8B32D33B2130052BADA /* EZCalendarHorizontalPagingView.swift in Sources */ = {isa = PBXBuildFile; fileRef = A75AE89E2D33B2130052BADA /* EZCalendarHorizontalPagingView.swift */; };
/* End PBXBuildFile section */

/* Begin PBXFileReference section */
		A75AE8892D33B1BD0052BADA /* EZCalendar.framework */ = {isa = PBXFileReference; explicitFileType = wrapper.framework; includeInIndex = 0; path = EZCalendar.framework; sourceTree = BUILT_PRODUCTS_DIR; };
		A75AE8982D33B2130052BADA /* Date+.swift */ = {isa = PBXFileReference; lastKnownFileType = sourcecode.swift; path = "Date+.swift"; sourceTree = "<group>"; };
		A75AE89A2D33B2130052BADA /* CalendarDay.swift */ = {isa = PBXFileReference; lastKnownFileType = sourcecode.swift; path = CalendarDay.swift; sourceTree = "<group>"; };
		A75AE89B2D33B2130052BADA /* CalendarMonth.swift */ = {isa = PBXFileReference; lastKnownFileType = sourcecode.swift; path = CalendarMonth.swift; sourceTree = "<group>"; };
		A75AE89C2D33B2130052BADA /* CalendarWeek.swift */ = {isa = PBXFileReference; lastKnownFileType = sourcecode.swift; path = CalendarWeek.swift; sourceTree = "<group>"; };
		A75AE89E2D33B2130052BADA /* EZCalendarHorizontalPagingView.swift */ = {isa = PBXFileReference; lastKnownFileType = sourcecode.swift; path = EZCalendarHorizontalPagingView.swift; sourceTree = "<group>"; };
		A75AE89F2D33B2130052BADA /* EZCalendarHorizontalPagingViewModel.swift */ = {isa = PBXFileReference; lastKnownFileType = sourcecode.swift; path = EZCalendarHorizontalPagingViewModel.swift; sourceTree = "<group>"; };
		A75AE8A12D33B2130052BADA /* EZCalendarItemView.swift */ = {isa = PBXFileReference; lastKnownFileType = sourcecode.swift; path = EZCalendarItemView.swift; sourceTree = "<group>"; };
		A75AE8A22D33B2130052BADA /* EZCalendarItemViewModel.swift */ = {isa = PBXFileReference; lastKnownFileType = sourcecode.swift; path = EZCalendarItemViewModel.swift; sourceTree = "<group>"; };
		A75AE8A42D33B2130052BADA /* EZCalendarWeekdayHeaderView.swift */ = {isa = PBXFileReference; lastKnownFileType = sourcecode.swift; path = EZCalendarWeekdayHeaderView.swift; sourceTree = "<group>"; };
/* End PBXFileReference section */

/* Begin PBXFrameworksBuildPhase section */
		A75AE8862D33B1BD0052BADA /* Frameworks */ = {
			isa = PBXFrameworksBuildPhase;
			buildActionMask = 2147483647;
			files = (
			);
			runOnlyForDeploymentPostprocessing = 0;
		};
/* End PBXFrameworksBuildPhase section */

/* Begin PBXGroup section */
		A75AE87F2D33B1BD0052BADA = {
			isa = PBXGroup;
			children = (
				A75AE8A82D33B2130052BADA /* Sources */,
				A75AE88A2D33B1BD0052BADA /* Products */,
			);
			sourceTree = "<group>";
		};
		A75AE88A2D33B1BD0052BADA /* Products */ = {
			isa = PBXGroup;
			children = (
				A75AE8892D33B1BD0052BADA /* EZCalendar.framework */,
			);
			name = Products;
			sourceTree = "<group>";
		};
		A75AE8992D33B2130052BADA /* Extensions */ = {
			isa = PBXGroup;
			children = (
				A75AE8982D33B2130052BADA /* Date+.swift */,
			);
			path = Extensions;
			sourceTree = "<group>";
		};
		A75AE89D2D33B2130052BADA /* Models */ = {
			isa = PBXGroup;
			children = (
				A75AE89A2D33B2130052BADA /* CalendarDay.swift */,
				A75AE89B2D33B2130052BADA /* CalendarMonth.swift */,
				A75AE89C2D33B2130052BADA /* CalendarWeek.swift */,
			);
			path = Models;
			sourceTree = "<group>";
		};
		A75AE8A02D33B2130052BADA /* CalendarHorizontalPagging */ = {
			isa = PBXGroup;
			children = (
				A75AE89E2D33B2130052BADA /* EZCalendarHorizontalPagingView.swift */,
				A75AE89F2D33B2130052BADA /* EZCalendarHorizontalPagingViewModel.swift */,
			);
			path = CalendarHorizontalPagging;
			sourceTree = "<group>";
		};
		A75AE8A32D33B2130052BADA /* CalendarItem */ = {
			isa = PBXGroup;
			children = (
				A75AE8A12D33B2130052BADA /* EZCalendarItemView.swift */,
				A75AE8A22D33B2130052BADA /* EZCalendarItemViewModel.swift */,
			);
			path = CalendarItem;
			sourceTree = "<group>";
		};
		A75AE8A52D33B2130052BADA /* WeekdayHeader */ = {
			isa = PBXGroup;
			children = (
				A75AE8A42D33B2130052BADA /* EZCalendarWeekdayHeaderView.swift */,
			);
			path = WeekdayHeader;
			sourceTree = "<group>";
		};
		A75AE8A62D33B2130052BADA /* Widgets */ = {
			isa = PBXGroup;
			children = (
				A75AE8A02D33B2130052BADA /* CalendarHorizontalPagging */,
				A75AE8A32D33B2130052BADA /* CalendarItem */,
				A75AE8A52D33B2130052BADA /* WeekdayHeader */,
			);
			path = Widgets;
			sourceTree = "<group>";
		};
		A75AE8A72D33B2130052BADA /* EZCalendar */ = {
			isa = PBXGroup;
			children = (
				A75AE8992D33B2130052BADA /* Extensions */,
				A75AE89D2D33B2130052BADA /* Models */,
				A75AE8A62D33B2130052BADA /* Widgets */,
			);
			path = EZCalendar;
			sourceTree = "<group>";
		};
		A75AE8A82D33B2130052BADA /* Sources */ = {
			isa = PBXGroup;
			children = (
				A75AE8A72D33B2130052BADA /* EZCalendar */,
			);
			path = Sources;
			sourceTree = "<group>";
		};
/* End PBXGroup section */

/* Begin PBXHeadersBuildPhase section */
		A75AE8842D33B1BD0052BADA /* Headers */ = {
			isa = PBXHeadersBuildPhase;
			buildActionMask = 2147483647;
			files = (
			);
			runOnlyForDeploymentPostprocessing = 0;
		};
/* End PBXHeadersBuildPhase section */

/* Begin PBXNativeTarget section */
		A75AE8882D33B1BD0052BADA /* EZCalendar */ = {
			isa = PBXNativeTarget;
			buildConfigurationList = A75AE8912D33B1BD0052BADA /* Build configuration list for PBXNativeTarget "EZCalendar" */;
			buildPhases = (
				A75AE8842D33B1BD0052BADA /* Headers */,
				A75AE8852D33B1BD0052BADA /* Sources */,
				A75AE8862D33B1BD0052BADA /* Frameworks */,
				A75AE8872D33B1BD0052BADA /* Resources */,
			);
			buildRules = (
			);
			dependencies = (
			);
			name = EZCalendar;
			packageProductDependencies = (
			);
			productName = EZCalendar;
			productReference = A75AE8892D33B1BD0052BADA /* EZCalendar.framework */;
			productType = "com.apple.product-type.framework";
		};
/* End PBXNativeTarget section */

/* Begin PBXProject section */
		A75AE8802D33B1BD0052BADA /* Project object */ = {
			isa = PBXProject;
			attributes = {
				BuildIndependentTargetsInParallel = 1;
				LastUpgradeCheck = 1620;
				TargetAttributes = {
					A75AE8882D33B1BD0052BADA = {
						CreatedOnToolsVersion = 16.2;
					};
				};
			};
			buildConfigurationList = A75AE8832D33B1BD0052BADA /* Build configuration list for PBXProject "EZCalendar" */;
			developmentRegion = en;
			hasScannedForEncodings = 0;
			knownRegions = (
				en,
				Base,
			);
			mainGroup = A75AE87F2D33B1BD0052BADA;
			minimizedProjectReferenceProxies = 1;
			preferredProjectObjectVersion = 77;
			productRefGroup = A75AE88A2D33B1BD0052BADA /* Products */;
			projectDirPath = "";
			projectRoot = "";
			targets = (
				A75AE8882D33B1BD0052BADA /* EZCalendar */,
			);
		};
/* End PBXProject section */

/* Begin PBXResourcesBuildPhase section */
		A75AE8872D33B1BD0052BADA /* Resources */ = {
			isa = PBXResourcesBuildPhase;
			buildActionMask = 2147483647;
			files = (
			);
			runOnlyForDeploymentPostprocessing = 0;
		};
/* End PBXResourcesBuildPhase section */

/* Begin PBXSourcesBuildPhase section */
		A75AE8852D33B1BD0052BADA /* Sources */ = {
			isa = PBXSourcesBuildPhase;
			buildActionMask = 2147483647;
			files = (
				A75AE8AA2D33B2130052BADA /* CalendarDay.swift in Sources */,
				A75AE8AB2D33B2130052BADA /* EZCalendarItemViewModel.swift in Sources */,
				A75AE8AC2D33B2130052BADA /* CalendarWeek.swift in Sources */,
				A75AE8AD2D33B2130052BADA /* Date+.swift in Sources */,
				A75AE8AE2D33B2130052BADA /* EZCalendarItemView.swift in Sources */,
				A75AE8AF2D33B2130052BADA /* EZCalendarWeekdayHeaderView.swift in Sources */,
				A75AE8B02D33B2130052BADA /* CalendarMonth.swift in Sources */,
				A75AE8B12D33B2130052BADA /* EZCalendarHorizontalPagingViewModel.swift in Sources */,
				A75AE8B32D33B2130052BADA /* EZCalendarHorizontalPagingView.swift in Sources */,
			);
			runOnlyForDeploymentPostprocessing = 0;
		};
/* End PBXSourcesBuildPhase section */

/* Begin XCBuildConfiguration section */
		A75AE8922D33B1BD0052BADA /* Debug */ = {
			isa = XCBuildConfiguration;
			buildSettings = {
				ALLOW_TARGET_PLATFORM_SPECIALIZATION = YES;
				BUILD_LIBRARY_FOR_DISTRIBUTION = YES;
				CODE_SIGN_STYLE = Automatic;
				CURRENT_PROJECT_VERSION = 1;
				DEFINES_MODULE = YES;
				DYLIB_COMPATIBILITY_VERSION = 1;
				DYLIB_CURRENT_VERSION = 1;
				DYLIB_INSTALL_NAME_BASE = "@rpath";
				ENABLE_MODULE_VERIFIER = YES;
				GENERATE_INFOPLIST_FILE = YES;
				INFOPLIST_KEY_NSHumanReadableCopyright = "";
				INSTALL_PATH = "$(LOCAL_LIBRARY_DIR)/Frameworks";
				IPHONEOS_DEPLOYMENT_TARGET = 18.2;
				LD_RUNPATH_SEARCH_PATHS = (
					"@executable_path/Frameworks",
					"@loader_path/Frameworks",
				);
				"LD_RUNPATH_SEARCH_PATHS[sdk=macosx*]" = (
					"@executable_path/../Frameworks",
					"@loader_path/Frameworks",
				);
				MACOSX_DEPLOYMENT_TARGET = 15.2;
				MARKETING_VERSION = 1.0;
				MODULE_VERIFIER_SUPPORTED_LANGUAGES = "objective-c objective-c++";
				MODULE_VERIFIER_SUPPORTED_LANGUAGE_STANDARDS = "gnu17 gnu++20";
				PRODUCT_BUNDLE_IDENTIFIER = com.example.ezcalendar.EZCalendar;
				PRODUCT_NAME = "$(TARGET_NAME:c99extidentifier)";
				SDKROOT = auto;
				SKIP_INSTALL = YES;
				SUPPORTED_PLATFORMS = "iphoneos iphonesimulator macosx xros xrsimulator";
				SWIFT_EMIT_LOC_STRINGS = YES;
				SWIFT_INSTALL_OBJC_HEADER = NO;
				SWIFT_VERSION = 5.0;
				TARGETED_DEVICE_FAMILY = "1,2,7";
				XROS_DEPLOYMENT_TARGET = 2.2;
			};
			name = Debug;
		};
		A75AE8932D33B1BD0052BADA /* Release */ = {
			isa = XCBuildConfiguration;
			buildSettings = {
				ALLOW_TARGET_PLATFORM_SPECIALIZATION = YES;
				BUILD_LIBRARY_FOR_DISTRIBUTION = YES;
				CODE_SIGN_STYLE = Automatic;
				CURRENT_PROJECT_VERSION = 1;
				DEFINES_MODULE = YES;
				DYLIB_COMPATIBILITY_VERSION = 1;
				DYLIB_CURRENT_VERSION = 1;
				DYLIB_INSTALL_NAME_BASE = "@rpath";
				ENABLE_MODULE_VERIFIER = YES;
				GENERATE_INFOPLIST_FILE = YES;
				INFOPLIST_KEY_NSHumanReadableCopyright = "";
				INSTALL_PATH = "$(LOCAL_LIBRARY_DIR)/Frameworks";
				IPHONEOS_DEPLOYMENT_TARGET = 18.2;
				LD_RUNPATH_SEARCH_PATHS = (
					"@executable_path/Frameworks",
					"@loader_path/Frameworks",
				);
				"LD_RUNPATH_SEARCH_PATHS[sdk=macosx*]" = (
					"@executable_path/../Frameworks",
					"@loader_path/Frameworks",
				);
				MACOSX_DEPLOYMENT_TARGET = 15.2;
				MARKETING_VERSION = 1.0;
				MODULE_VERIFIER_SUPPORTED_LANGUAGES = "objective-c objective-c++";
				MODULE_VERIFIER_SUPPORTED_LANGUAGE_STANDARDS = "gnu17 gnu++20";
				PRODUCT_BUNDLE_IDENTIFIER = com.example.ezcalendar.EZCalendar;
				PRODUCT_NAME = "$(TARGET_NAME:c99extidentifier)";
				SDKROOT = auto;
				SKIP_INSTALL = YES;
				SUPPORTED_PLATFORMS = "iphoneos iphonesimulator macosx xros xrsimulator";
				SWIFT_EMIT_LOC_STRINGS = YES;
				SWIFT_INSTALL_OBJC_HEADER = NO;
				SWIFT_VERSION = 5.0;
				TARGETED_DEVICE_FAMILY = "1,2,7";
				XROS_DEPLOYMENT_TARGET = 2.2;
			};
			name = Release;
		};
		A75AE8942D33B1BD0052BADA /* Debug */ = {
			isa = XCBuildConfiguration;
			buildSettings = {
				ALWAYS_SEARCH_USER_PATHS = NO;
				ASSETCATALOG_COMPILER_GENERATE_SWIFT_ASSET_SYMBOL_EXTENSIONS = YES;
				CLANG_ANALYZER_NONNULL = YES;
				CLANG_ANALYZER_NUMBER_OBJECT_CONVERSION = YES_AGGRESSIVE;
				CLANG_CXX_LANGUAGE_STANDARD = "gnu++20";
				CLANG_ENABLE_MODULES = YES;
				CLANG_ENABLE_OBJC_ARC = YES;
				CLANG_ENABLE_OBJC_WEAK = YES;
				CLANG_WARN_BLOCK_CAPTURE_AUTORELEASING = YES;
				CLANG_WARN_BOOL_CONVERSION = YES;
				CLANG_WARN_COMMA = YES;
				CLANG_WARN_CONSTANT_CONVERSION = YES;
				CLANG_WARN_DEPRECATED_OBJC_IMPLEMENTATIONS = YES;
				CLANG_WARN_DIRECT_OBJC_ISA_USAGE = YES_ERROR;
				CLANG_WARN_DOCUMENTATION_COMMENTS = YES;
				CLANG_WARN_EMPTY_BODY = YES;
				CLANG_WARN_ENUM_CONVERSION = YES;
				CLANG_WARN_INFINITE_RECURSION = YES;
				CLANG_WARN_INT_CONVERSION = YES;
				CLANG_WARN_NON_LITERAL_NULL_CONVERSION = YES;
				CLANG_WARN_OBJC_IMPLICIT_RETAIN_SELF = YES;
				CLANG_WARN_OBJC_LITERAL_CONVERSION = YES;
				CLANG_WARN_OBJC_ROOT_CLASS = YES_ERROR;
				CLANG_WARN_QUOTED_INCLUDE_IN_FRAMEWORK_HEADER = YES;
				CLANG_WARN_RANGE_LOOP_ANALYSIS = YES;
				CLANG_WARN_STRICT_PROTOTYPES = YES;
				CLANG_WARN_SUSPICIOUS_MOVE = YES;
				CLANG_WARN_UNGUARDED_AVAILABILITY = YES_AGGRESSIVE;
				CLANG_WARN_UNREACHABLE_CODE = YES;
				CLANG_WARN__DUPLICATE_METHOD_MATCH = YES;
				COPY_PHASE_STRIP = NO;
				CURRENT_PROJECT_VERSION = 1;
				DEBUG_INFORMATION_FORMAT = dwarf;
				ENABLE_STRICT_OBJC_MSGSEND = YES;
				ENABLE_TESTABILITY = YES;
				ENABLE_USER_SCRIPT_SANDBOXING = YES;
				GCC_C_LANGUAGE_STANDARD = gnu17;
				GCC_DYNAMIC_NO_PIC = NO;
				GCC_NO_COMMON_BLOCKS = YES;
				GCC_OPTIMIZATION_LEVEL = 0;
				GCC_PREPROCESSOR_DEFINITIONS = (
					"DEBUG=1",
					"$(inherited)",
				);
				GCC_WARN_64_TO_32_BIT_CONVERSION = YES;
				GCC_WARN_ABOUT_RETURN_TYPE = YES_ERROR;
				GCC_WARN_UNDECLARED_SELECTOR = YES;
				GCC_WARN_UNINITIALIZED_AUTOS = YES_AGGRESSIVE;
				GCC_WARN_UNUSED_FUNCTION = YES;
				GCC_WARN_UNUSED_VARIABLE = YES;
				LOCALIZATION_PREFERS_STRING_CATALOGS = YES;
				MTL_ENABLE_DEBUG_INFO = INCLUDE_SOURCE;
				MTL_FAST_MATH = YES;
				ONLY_ACTIVE_ARCH = YES;
				SWIFT_ACTIVE_COMPILATION_CONDITIONS = "DEBUG $(inherited)";
				SWIFT_OPTIMIZATION_LEVEL = "-Onone";
				VERSIONING_SYSTEM = "apple-generic";
				VERSION_INFO_PREFIX = "";
			};
			name = Debug;
		};
		A75AE8952D33B1BD0052BADA /* Release */ = {
			isa = XCBuildConfiguration;
			buildSettings = {
				ALWAYS_SEARCH_USER_PATHS = NO;
				ASSETCATALOG_COMPILER_GENERATE_SWIFT_ASSET_SYMBOL_EXTENSIONS = YES;
				CLANG_ANALYZER_NONNULL = YES;
				CLANG_ANALYZER_NUMBER_OBJECT_CONVERSION = YES_AGGRESSIVE;
				CLANG_CXX_LANGUAGE_STANDARD = "gnu++20";
				CLANG_ENABLE_MODULES = YES;
				CLANG_ENABLE_OBJC_ARC = YES;
				CLANG_ENABLE_OBJC_WEAK = YES;
				CLANG_WARN_BLOCK_CAPTURE_AUTORELEASING = YES;
				CLANG_WARN_BOOL_CONVERSION = YES;
				CLANG_WARN_COMMA = YES;
				CLANG_WARN_CONSTANT_CONVERSION = YES;
				CLANG_WARN_DEPRECATED_OBJC_IMPLEMENTATIONS = YES;
				CLANG_WARN_DIRECT_OBJC_ISA_USAGE = YES_ERROR;
				CLANG_WARN_DOCUMENTATION_COMMENTS = YES;
				CLANG_WARN_EMPTY_BODY = YES;
				CLANG_WARN_ENUM_CONVERSION = YES;
				CLANG_WARN_INFINITE_RECURSION = YES;
				CLANG_WARN_INT_CONVERSION = YES;
				CLANG_WARN_NON_LITERAL_NULL_CONVERSION = YES;
				CLANG_WARN_OBJC_IMPLICIT_RETAIN_SELF = YES;
				CLANG_WARN_OBJC_LITERAL_CONVERSION = YES;
				CLANG_WARN_OBJC_ROOT_CLASS = YES_ERROR;
				CLANG_WARN_QUOTED_INCLUDE_IN_FRAMEWORK_HEADER = YES;
				CLANG_WARN_RANGE_LOOP_ANALYSIS = YES;
				CLANG_WARN_STRICT_PROTOTYPES = YES;
				CLANG_WARN_SUSPICIOUS_MOVE = YES;
				CLANG_WARN_UNGUARDED_AVAILABILITY = YES_AGGRESSIVE;
				CLANG_WARN_UNREACHABLE_CODE = YES;
				CLANG_WARN__DUPLICATE_METHOD_MATCH = YES;
				COPY_PHASE_STRIP = NO;
				CURRENT_PROJECT_VERSION = 1;
				DEBUG_INFORMATION_FORMAT = "dwarf-with-dsym";
				ENABLE_NS_ASSERTIONS = NO;
				ENABLE_STRICT_OBJC_MSGSEND = YES;
				ENABLE_USER_SCRIPT_SANDBOXING = YES;
				GCC_C_LANGUAGE_STANDARD = gnu17;
				GCC_NO_COMMON_BLOCKS = YES;
				GCC_WARN_64_TO_32_BIT_CONVERSION = YES;
				GCC_WARN_ABOUT_RETURN_TYPE = YES_ERROR;
				GCC_WARN_UNDECLARED_SELECTOR = YES;
				GCC_WARN_UNINITIALIZED_AUTOS = YES_AGGRESSIVE;
				GCC_WARN_UNUSED_FUNCTION = YES;
				GCC_WARN_UNUSED_VARIABLE = YES;
				LOCALIZATION_PREFERS_STRING_CATALOGS = YES;
				MTL_ENABLE_DEBUG_INFO = NO;
				MTL_FAST_MATH = YES;
				SWIFT_COMPILATION_MODE = wholemodule;
				VERSIONING_SYSTEM = "apple-generic";
				VERSION_INFO_PREFIX = "";
			};
			name = Release;
		};
/* End XCBuildConfiguration section */

/* Begin XCConfigurationList section */
		A75AE8832D33B1BD0052BADA /* Build configuration list for PBXProject "EZCalendar" */ = {
			isa = XCConfigurationList;
			buildConfigurations = (
				A75AE8942D33B1BD0052BADA /* Debug */,
				A75AE8952D33B1BD0052BADA /* Release */,
			);
			defaultConfigurationIsVisible = 0;
			defaultConfigurationName = Release;
		};
		A75AE8912D33B1BD0052BADA /* Build configuration list for PBXNativeTarget "EZCalendar" */ = {
			isa = XCConfigurationList;
			buildConfigurations = (
				A75AE8922D33B1BD0052BADA /* Debug */,
				A75AE8932D33B1BD0052BADA /* Release */,
			);
			defaultConfigurationIsVisible = 0;
			defaultConfigurationName = Release;
		};
/* End XCConfigurationList section */
	};
	rootObject = A75AE8802D33B1BD0052BADA /* Project object */;
}
